
Microsoft Visual Studio Solution File, Format Version 12.00
# Visual Studio Version 17
VisualStudioVersion = 17.2.32616.157
MinimumVisualStudioVersion = 10.0.40219.1
Project("{FAE04EC0-301F-11D3-BF4B-00C04F79EFBC}") = "AppLogin.Android", "AppLogin\AppLogin.Android\AppLogin.Android.csproj", "{E4D9F29C-EA58-407F-B452-626AD143FF3C}"
EndProject
Project("{FAE04EC0-301F-11D3-BF4B-00C04F79EFBC}") = "AppLogin", "AppLogin\AppLogin\AppLogin.csproj", "{9D210F75-FA7D-463F-8538-24637294CA2A}"
EndProject
Global
	GlobalSection(SolutionConfigurationPlatforms) = preSolution
		Debug|Any CPU = Debug|Any CPU
		Release|Any CPU = Release|Any CPU
	EndGlobalSection
	GlobalSection(ProjectConfigurationPlatforms) = postSolution
		{E4D9F29C-EA58-407F-B452-626AD143FF3C}.Debug|Any CPU.ActiveCfg = Debug|Any CPU
		{E4D9F29C-EA58-407F-B452-626AD143FF3C}.Debug|Any CPU.Build.0 = Debug|Any CPU
		{E4D9F29C-EA58-407F-B452-626AD143FF3C}.Debug|Any CPU.Deploy.0 = Debug|Any CPU
		{E4D9F29C-EA58-407F-B452-626AD143FF3C}.Release|Any CPU.ActiveCfg = Release|Any CPU
		{E4D9F29C-EA58-407F-B452-626AD143FF3C}.Release|Any CPU.Build.0 = Release|Any CPU
		{E4D9F29C-EA58-407F-B452-626AD143FF3C}.Release|Any CPU.Deploy.0 = Release|Any CPU
		{9D210F75-FA7D-463F-8538-24637294CA2A}.Debug|Any CPU.ActiveCfg = Debug|Any CPU
		{9D210F75-FA7D-463F-8538-24637294CA2A}.Debug|Any CPU.Build.0 = Debug|Any CPU
		{9D210F75-FA7D-463F-8538-24637294CA2A}.Debug|Any CPU.Deploy.0 = Debug|Any CPU
		{9D210F75-FA7D-463F-8538-24637294CA2A}.Release|Any CPU.ActiveCfg = Release|Any CPU
		{9D210F75-FA7D-463F-8538-24637294CA2A}.Release|Any CPU.Build.0 = Release|Any CPU
		{9D210F75-FA7D-463F-8538-24637294CA2A}.Release|Any CPU.Deploy.0 = Release|Any CPU
	EndGlobalSection
	GlobalSection(SolutionProperties) = preSolution
		HideSolutionNode = FALSE
	EndGlobalSection
	GlobalSection(ExtensibilityGlobals) = postSolution
		SolutionGuid = {DA694604-C507-4C63-8CFF-3E6787954979}
	EndGlobalSection
EndGlobal
